Microsoft Visual Studio Solution File, Format Version 12.00
Project("{FAE04EC0-301F-11D3-BF4B-00C04F79EFBC}") = "AspDotNet", "AspDotNet\AspDotNet.csproj", "{F2B2331E-D190-46E6-9098-778BF9B1B21B}"
EndProject
Project("{FAE04EC0-301F-11D3-BF4B-00C04F79EFBC}") = "Entities", "Entities\Entities.csproj", "{0017CA78-9A0B-4468-930D-72373B68BABB}"
EndProject
Project("{FAE04EC0-301F-11D3-BF4B-00C04F79EFBC}") = "Repository", "Repository\Repository.csproj", "{8F7F9DE7-5F1A-48AA-8CAE-851D6F709C03}"
EndProject
Project("{FAE04EC0-301F-11D3-BF4B-00C04F79EFBC}") = "Events", "Events\Events.csproj", "{317CC918-E79C-4E80-A2E8-F0BBFCC8003B}"
EndProject
Project("{FAE04EC0-301F-11D3-BF4B-00C04F79EFBC}") = "Users", "Users\Users.csproj", "{ABBE2CE1-937B-4D5E-A29D-B26D26544B6D}"
EndProject
Global
	GlobalSection(SolutionConfigurationPlatforms) = preSolution
		Debug|Any CPU = Debug|Any CPU
		Release|Any CPU = Release|Any CPU
	EndGlobalSection
	GlobalSection(ProjectConfigurationPlatforms) = postSolution
		{F2B2331E-D190-46E6-9098-778BF9B1B21B}.Debug|Any CPU.ActiveCfg = Debug|Any CPU
		{F2B2331E-D190-46E6-9098-778BF9B1B21B}.Debug|Any CPU.Build.0 = Debug|Any CPU
		{F2B2331E-D190-46E6-9098-778BF9B1B21B}.Release|Any CPU.ActiveCfg = Release|Any CPU
		{F2B2331E-D190-46E6-9098-778BF9B1B21B}.Release|Any CPU.Build.0 = Release|Any CPU
		{0017CA78-9A0B-4468-930D-72373B68BABB}.Debug|Any CPU.ActiveCfg = Debug|Any CPU
		{0017CA78-9A0B-4468-930D-72373B68BABB}.Debug|Any CPU.Build.0 = Debug|Any CPU
		{0017CA78-9A0B-4468-930D-72373B68BABB}.Release|Any CPU.ActiveCfg = Release|Any CPU
		{0017CA78-9A0B-4468-930D-72373B68BABB}.Release|Any CPU.Build.0 = Release|Any CPU
		{8F7F9DE7-5F1A-48AA-8CAE-851D6F709C03}.Debug|Any CPU.ActiveCfg = Debug|Any CPU
		{8F7F9DE7-5F1A-48AA-8CAE-851D6F709C03}.Debug|Any CPU.Build.0 = Debug|Any CPU
		{8F7F9DE7-5F1A-48AA-8CAE-851D6F709C03}.Release|Any CPU.ActiveCfg = Release|Any CPU
		{8F7F9DE7-5F1A-48AA-8CAE-851D6F709C03}.Release|Any CPU.Build.0 = Release|Any CPU
		{317CC918-E79C-4E80-A2E8-F0BBFCC8003B}.Debug|Any CPU.ActiveCfg = Debug|Any CPU
		{317CC918-E79C-4E80-A2E8-F0BBFCC8003B}.Debug|Any CPU.Build.0 = Debug|Any CPU
		{317CC918-E79C-4E80-A2E8-F0BBFCC8003B}.Release|Any CPU.ActiveCfg = Release|Any CPU
		{317CC918-E79C-4E80-A2E8-F0BBFCC8003B}.Release|Any CPU.Build.0 = Release|Any CPU
		{ABBE2CE1-937B-4D5E-A29D-B26D26544B6D}.Debug|Any CPU.ActiveCfg = Debug|Any CPU
		{ABBE2CE1-937B-4D5E-A29D-B26D26544B6D}.Debug|Any CPU.Build.0 = Debug|Any CPU
		{ABBE2CE1-937B-4D5E-A29D-B26D26544B6D}.Release|Any CPU.ActiveCfg = Release|Any CPU
		{ABBE2CE1-937B-4D5E-A29D-B26D26544B6D}.Release|Any CPU.Build.0 = Release|Any CPU
	EndGlobalSection
	GlobalSection(NestedProjects) = preSolution
		{064DA33A-1A11-4933-8F8E-8FE77986A6C0} = {8539A76E-05FD-4C0B-B268-7D2BEC432F27}
		{36890189-7C82-46AC-A580-CCF8798C4633} = {064DA33A-1A11-4933-8F8E-8FE77986A6C0}
		{7998BEE8-B97E-4E79-AB45-FE0DCE83051D} = {36890189-7C82-46AC-A580-CCF8798C4633}
		{937A7C02-60D5-4DE5-8832-4A592E149265} = {36890189-7C82-46AC-A580-CCF8798C4633}
		{A7A79238-5198-4350-BBDE-02BC440136C0} = {064DA33A-1A11-4933-8F8E-8FE77986A6C0}
	EndGlobalSection
EndGlobal
